
Microsoft Visual Studio Solution File, Format Version 12.00
# Visual Studio Version 16
VisualStudioVersion = 16.0.31019.35
MinimumVisualStudioVersion = 10.0.40219.1
Project("{FAE04EC0-301F-11D3-BF4B-00C04F79EFBC}") = "VIETLOTT_SyncData", "VIETLOTT_SyncData\VIETLOTT_SyncData.csproj", "{AB78ACCA-A6C9-4BD8-A565-E539360C9588}"
EndProject
Global
	GlobalSection(SolutionConfigurationPlatforms) = preSolution
		Debug|Any CPU = Debug|Any CPU
		Debug|x64 = Debug|x64
		Release|Any CPU = Release|Any CPU
		Release|x64 = Release|x64
	EndGlobalSection
	GlobalSection(ProjectConfigurationPlatforms) = postSolution
		{AB78ACCA-A6C9-4BD8-A565-E539360C9588}.Debug|Any CPU.ActiveCfg = Debug|Any CPU
		{AB78ACCA-A6C9-4BD8-A565-E539360C9588}.Debug|Any CPU.Build.0 = Debug|Any CPU
		{AB78ACCA-A6C9-4BD8-A565-E539360C9588}.Debug|x64.ActiveCfg = Debug|x64
		{AB78ACCA-A6C9-4BD8-A565-E539360C9588}.Debug|x64.Build.0 = Debug|x64
		{AB78ACCA-A6C9-4BD8-A565-E539360C9588}.Release|Any CPU.ActiveCfg = Release|Any CPU
		{AB78ACCA-A6C9-4BD8-A565-E539360C9588}.Release|Any CPU.Build.0 = Release|Any CPU
		{AB78ACCA-A6C9-4BD8-A565-E539360C9588}.Release|x64.ActiveCfg = Release|x64
		{AB78ACCA-A6C9-4BD8-A565-E539360C9588}.Release|x64.Build.0 = Release|x64
	EndGlobalSection
	GlobalSection(SolutionProperties) = preSolution
		HideSolutionNode = FALSE
	EndGlobalSection
	GlobalSection(ExtensibilityGlobals) = postSolution
		SolutionGuid = {65597EE5-D46A-45B7-82A7-4BEE2FDC9D34}
	EndGlobalSection
EndGlobal
